
Microsoft Visual Studio Solution File, Format Version 12.00
# Visual Studio Version 17
VisualStudioVersion = 17.0.31706.78
MinimumVisualStudioVersion = 10.0.40219.1
Project("{9A19103F-16F7-4668-BE54-9A1E7A4F7556}") = "MauiUITestApp", "MauiUITestApp\MauiUITestApp.csproj", "{1B2B66F9-1D3C-4636-8E56-6A90D6063CA9}"
EndProject
Project("{9A19103F-16F7-4668-BE54-9A1E7A4F7556}") = "UITests", "UITests\UITests.csproj", "{42E010EC-8B30-421A-AF94-E55A17B37731}"
EndProject
Global
	GlobalSection(SolutionConfigurationPlatforms) = preSolution
		Debug|Any CPU = Debug|Any CPU
		Release|Any CPU = Release|Any CPU
	EndGlobalSection
	GlobalSection(ProjectConfigurationPlatforms) = postSolution
		{1B2B66F9-1D3C-4636-8E56-6A90D6063CA9}.Debug|Any CPU.ActiveCfg = Debug|Any CPU
		{1B2B66F9-1D3C-4636-8E56-6A90D6063CA9}.Debug|Any CPU.Build.0 = Debug|Any CPU
		{1B2B66F9-1D3C-4636-8E56-6A90D6063CA9}.Debug|Any CPU.Deploy.0 = Debug|Any CPU
		{1B2B66F9-1D3C-4636-8E56-6A90D6063CA9}.Release|Any CPU.ActiveCfg = Release|Any CPU
		{1B2B66F9-1D3C-4636-8E56-6A90D6063CA9}.Release|Any CPU.Build.0 = Release|Any CPU
		{1B2B66F9-1D3C-4636-8E56-6A90D6063CA9}.Release|Any CPU.Deploy.0 = Release|Any CPU
		{42E010EC-8B30-421A-AF94-E55A17B37731}.Debug|Any CPU.ActiveCfg = Debug|Any CPU
		{42E010EC-8B30-421A-AF94-E55A17B37731}.Debug|Any CPU.Build.0 = Debug|Any CPU
		{42E010EC-8B30-421A-AF94-E55A17B37731}.Release|Any CPU.ActiveCfg = Release|Any CPU
		{42E010EC-8B30-421A-AF94-E55A17B37731}.Release|Any CPU.Build.0 = Release|Any CPU
	EndGlobalSection
	GlobalSection(SolutionProperties) = preSolution
		HideSolutionNode = FALSE
	EndGlobalSection
	GlobalSection(ExtensibilityGlobals) = postSolution
		SolutionGuid = {E9D90615-62EC-46C6-93F0-440A74613E5D}
	EndGlobalSection
EndGlobal
